// !$*UTF8*$!
{
	archiveVersion = 1;
	classes = {
	};
	objectVersion = 46;
	objects = {

/* Begin PBXBuildFile section */
		E1271FC51D9A0E1D001D7CE3 /* AppDelegate.swift in Sources */ = {isa = PBXBuildFile; fileRef = E1271FC41D9A0E1D001D7CE3 /* AppDelegate.swift */; };
		E1271FC71D9A0E1D001D7CE3 /* ViewController.swift in Sources */ = {isa = PBXBuildFile; fileRef = E1271FC61D9A0E1D001D7CE3 /* ViewController.swift */; };
		E1271FCA1D9A0E1D001D7CE3 /* Main.storyboard in Resources */ = {isa = PBXBuildFile; fileRef = E1271FC81D9A0E1D001D7CE3 /* Main.storyboard */; };
		E1271FCC1D9A0E1D001D7CE3 /* Assets.xcassets in Resources */ = {isa = PBXBuildFile; fileRef = E1271FCB1D9A0E1D001D7CE3 /* Assets.xcassets */; };
		E1271FCF1D9A0E1D001D7CE3 /* LaunchScreen.storyboard in Resources */ = {isa = PBXBuildFile; fileRef = E1271FCD1D9A0E1D001D7CE3 /* LaunchScreen.storyboard */; };
		E1271FDF1D9A0E43001D7CE3 /* background.jpeg in Resources */ = {isa = PBXBuildFile; fileRef = E1271FD71D9A0E43001D7CE3 /* background.jpeg */; };
		E1271FE01D9A0E43001D7CE3 /* lamborghini-aventador.jpg in Resources */ = {isa = PBXBuildFile; fileRef = E1271FD81D9A0E43001D7CE3 /* lamborghini-aventador.jpg */; };
		E1271FE11D9A0E43001D7CE3 /* lamborghini-huracan.jpg in Resources */ = {isa = PBXBuildFile; fileRef = E1271FD91D9A0E43001D7CE3 /* lamborghini-huracan.jpg */; };
		E1271FE21D9A0E43001D7CE3 /* lamborghini-veneno.jpg in Resources */ = {isa = PBXBuildFile; fileRef = E1271FDA1D9A0E43001D7CE3 /* lamborghini-veneno.jpg */; };
		E1271FE31D9A0E43001D7CE3 /* porsche-911.jpg in Resources */ = {isa = PBXBuildFile; fileRef = E1271FDB1D9A0E43001D7CE3 /* porsche-911.jpg */; };
		E1271FE41D9A0E43001D7CE3 /* porsche-boxter.jpg in Resources */ = {isa = PBXBuildFile; fileRef = E1271FDC1D9A0E43001D7CE3 /* porsche-boxter.jpg */; };
		E1271FE51D9A0E43001D7CE3 /* tesla-model-s.jpg in Resources */ = {isa = PBXBuildFile; fileRef = E1271FDD1D9A0E43001D7CE3 /* tesla-model-s.jpg */; };
		E1271FE61D9A0E43001D7CE3 /* tesla-model-x.jpg in Resources */ = {isa = PBXBuildFile; fileRef = E1271FDE1D9A0E43001D7CE3 /* tesla-model-x.jpg */; };
/* End PBXBuildFile section */

/* Begin PBXFileReference section */
		E1271FC11D9A0E1D001D7CE3 /* SelectCar.app */ = {isa = PBXFileReference; explicitFileType = wrapper.application; includeInIndex = 0; path = SelectCar.app; sourceTree = BUILT_PRODUCTS_DIR; };
		E1271FC41D9A0E1D001D7CE3 /* AppDelegate.swift */ = {isa = PBXFileReference; lastKnownFileType = sourcecode.swift; path = AppDelegate.swift; sourceTree = "<group>"; };
		E1271FC61D9A0E1D001D7CE3 /* ViewController.swift */ = {isa = PBXFileReference; lastKnownFileType = sourcecode.swift; path = ViewController.swift; sourceTree = "<group>"; };
		E1271FC91D9A0E1D001D7CE3 /* Base */ = {isa = PBXFileReference; lastKnownFileType = file.storyboard; name = Base; path = Base.lproj/Main.storyboard; sourceTree = "<group>"; };
		E1271FCB1D9A0E1D001D7CE3 /* Assets.xcassets */ = {isa = PBXFileReference; lastKnownFileType = folder.assetcatalog; path = Assets.xcassets; sourceTree = "<group>"; };
		E1271FCE1D9A0E1D001D7CE3 /* Base */ = {isa = PBXFileReference; lastKnownFileType = file.storyboard; name = Base; path = Base.lproj/LaunchScreen.storyboard; sourceTree = "<group>"; };
		E1271FD01D9A0E1D001D7CE3 /* Info.plist */ = {isa = PBXFileReference; lastKnownFileType = text.plist.xml; path = Info.plist; sourceTree = "<group>"; };
		E1271FD71D9A0E43001D7CE3 /* background.jpeg */ = {isa = PBXFileReference; lastKnownFileType = image.jpeg; path = background.jpeg; sourceTree = "<group>"; };
		E1271FD81D9A0E43001D7CE3 /* lamborghini-aventador.jpg */ = {isa = PBXFileReference; lastKnownFileType = image.jpeg; path = "lamborghini-aventador.jpg"; sourceTree = "<group>"; };
		E1271FD91D9A0E43001D7CE3 /* lamborghini-huracan.jpg */ = {isa = PBXFileReference; lastKnownFileType = image.jpeg; path = "lamborghini-huracan.jpg"; sourceTree = "<group>"; };
		E1271FDA1D9A0E43001D7CE3 /* lamborghini-veneno.jpg */ = {isa = PBXFileReference; lastKnownFileType = image.jpeg; path = "lamborghini-veneno.jpg"; sourceTree = "<group>"; };
		E1271FDB1D9A0E43001D7CE3 /* porsche-911.jpg */ = {isa = PBXFileReference; lastKnownFileType = image.jpeg; path = "porsche-911.jpg"; sourceTree = "<group>"; };
		E1271FDC1D9A0E43001D7CE3 /* porsche-boxter.jpg */ = {isa = PBXFileReference; lastKnownFileType = image.jpeg; path = "porsche-boxter.jpg"; sourceTree = "<group>"; };
		E1271FDD1D9A0E43001D7CE3 /* tesla-model-s.jpg */ = {isa = PBXFileReference; lastKnownFileType = image.jpeg; path = "tesla-model-s.jpg"; sourceTree = "<group>"; };
		E1271FDE1D9A0E43001D7CE3 /* tesla-model-x.jpg */ = {isa = PBXFileReference; lastKnownFileType = image.jpeg; path = "tesla-model-x.jpg"; sourceTree = "<group>"; };
/* End PBXFileReference section */

/* Begin PBXFrameworksBuildPhase section */
		E1271FBE1D9A0E1D001D7CE3 /* Frameworks */ = {
			isa = PBXFrameworksBuildPhase;
			buildActionMask = 2147483647;
			files = (
			);
			runOnlyForDeploymentPostprocessing = 0;
		};
/* End PBXFrameworksBuildPhase section */

/* Begin PBXGroup section */
		E1271FB81D9A0E1D001D7CE3 = {
			isa = PBXGroup;
			children = (
				E1271FC31D9A0E1D001D7CE3 /* SelectCar */,
				E1271FC21D9A0E1D001D7CE3 /* Products */,
			);
			sourceTree = "<group>";
		};
		E1271FC21D9A0E1D001D7CE3 /* Products */ = {
			isa = PBXGroup;
			children = (
				E1271FC11D9A0E1D001D7CE3 /* SelectCar.app */,
			);
			name = Products;
			sourceTree = "<group>";
		};
		E1271FC31D9A0E1D001D7CE3 /* SelectCar */ = {
			isa = PBXGroup;
			children = (
				E1271FD61D9A0E2C001D7CE3 /* Resource */,
				E1271FC41D9A0E1D001D7CE3 /* AppDelegate.swift */,
				E1271FC61D9A0E1D001D7CE3 /* ViewController.swift */,
				E1271FC81D9A0E1D001D7CE3 /* Main.storyboard */,
				E1271FCB1D9A0E1D001D7CE3 /* Assets.xcassets */,
				E1271FCD1D9A0E1D001D7CE3 /* LaunchScreen.storyboard */,
				E1271FD01D9A0E1D001D7CE3 /* Info.plist */,
			);
			path = SelectCar;
			sourceTree = "<group>";
		};
		E1271FD61D9A0E2C001D7CE3 /* Resource */ = {
			isa = PBXGroup;
			children = (
				E1271FD71D9A0E43001D7CE3 /* background.jpeg */,
				E1271FD81D9A0E43001D7CE3 /* lamborghini-aventador.jpg */,
				E1271FD91D9A0E43001D7CE3 /* lamborghini-huracan.jpg */,
				E1271FDA1D9A0E43001D7CE3 /* lamborghini-veneno.jpg */,
				E1271FDB1D9A0E43001D7CE3 /* porsche-911.jpg */,
				E1271FDC1D9A0E43001D7CE3 /* porsche-boxter.jpg */,
				E1271FDD1D9A0E43001D7CE3 /* tesla-model-s.jpg */,
				E1271FDE1D9A0E43001D7CE3 /* tesla-model-x.jpg */,
			);
			name = Resource;
			sourceTree = "<group>";
		};
/* End PBXGroup section */

/* Begin PBXNativeTarget section */
		E1271FC01D9A0E1D001D7CE3 /* SelectCar */ = {
			isa = PBXNativeTarget;
			buildConfigurationList = E1271FD31D9A0E1D001D7CE3 /* Build configuration list for PBXNativeTarget "SelectCar" */;
			buildPhases = (
				E1271FBD1D9A0E1D001D7CE3 /* Sources */,
				E1271FBE1D9A0E1D001D7CE3 /* Frameworks */,
				E1271FBF1D9A0E1D001D7CE3 /* Resources */,
			);
			buildRules = (
			);
			dependencies = (
			);
			name = SelectCar;
			productName = SelectCar;
			productReference = E1271FC11D9A0E1D001D7CE3 /* SelectCar.app */;
			productType = "com.apple.product-type.application";
		};
/* End PBXNativeTarget section */

/* Begin PBXProject section */
		E1271FB91D9A0E1D001D7CE3 /* Project object */ = {
			isa = PBXProject;
			attributes = {
				LastSwiftUpdateCheck = 0800;
				LastUpgradeCheck = 0800;
				ORGANIZATIONNAME = "Yoo SeungHwan";
				TargetAttributes = {
					E1271FC01D9A0E1D001D7CE3 = {
						CreatedOnToolsVersion = 8.0;
						DevelopmentTeam = FMFD6DE2HE;
						ProvisioningStyle = Automatic;
					};
				};
			};
			buildConfigurationList = E1271FBC1D9A0E1D001D7CE3 /* Build configuration list for PBXProject "SelectCar" */;
			compatibilityVersion = "Xcode 3.2";
			developmentRegion = English;
			hasScannedForEncodings = 0;
			knownRegions = (
				en,
				Base,
			);
			mainGroup = E1271FB81D9A0E1D001D7CE3;
			productRefGroup = E1271FC21D9A0E1D001D7CE3 /* Products */;
			projectDirPath = "";
			projectRoot = "";
			targets = (
				E1271FC01D9A0E1D001D7CE3 /* SelectCar */,
			);
		};
/* End PBXProject section */

/* Begin PBXResourcesBuildPhase section */
		E1271FBF1D9A0E1D001D7CE3 /* Resources */ = {
			isa = PBXResourcesBuildPhase;
			buildActionMask = 2147483647;
			files = (
				E1271FCF1D9A0E1D001D7CE3 /* LaunchScreen.storyboard in Resources */,
				E1271FE51D9A0E43001D7CE3 /* tesla-model-s.jpg in Resources */,
				E1271FE11D9A0E43001D7CE3 /* lamborghini-huracan.jpg in Resources */,
				E1271FE31D9A0E43001D7CE3 /* porsche-911.jpg in Resources */,
				E1271FCC1D9A0E1D001D7CE3 /* Assets.xcassets in Resources */,
				E1271FCA1D9A0E1D001D7CE3 /* Main.storyboard in Resources */,
				E1271FDF1D9A0E43001D7CE3 /* background.jpeg in Resources */,
				E1271FE01D9A0E43001D7CE3 /* lamborghini-aventador.jpg in Resources */,
				E1271FE21D9A0E43001D7CE3 /* lamborghini-veneno.jpg in Resources */,
				E1271FE41D9A0E43001D7CE3 /* porsche-boxter.jpg in Resources */,
				E1271FE61D9A0E43001D7CE3 /* tesla-model-x.jpg in Resources */,
			);
			runOnlyForDeploymentPostprocessing = 0;
		};
/* End PBXResourcesBuildPhase section */

/* Begin PBXSourcesBuildPhase section */
		E1271FBD1D9A0E1D001D7CE3 /* Sources */ = {
			isa = PBXSourcesBuildPhase;
			buildActionMask = 2147483647;
			files = (
				E1271FC71D9A0E1D001D7CE3 /* ViewController.swift in Sources */,
				E1271FC51D9A0E1D001D7CE3 /* AppDelegate.swift in Sources */,
			);
			runOnlyForDeploymentPostprocessing = 0;
		};
/* End PBXSourcesBuildPhase section */

/* Begin PBXVariantGroup section */
		E1271FC81D9A0E1D001D7CE3 /* Main.storyboard */ = {
			isa = PBXVariantGroup;
			children = (
				E1271FC91D9A0E1D001D7CE3 /* Base */,
			);
			name = Main.storyboard;
			sourceTree = "<group>";
		};
		E1271FCD1D9A0E1D001D7CE3 /* LaunchScreen.storyboard */ = {
			isa = PBXVariantGroup;
			children = (
				E1271FCE1D9A0E1D001D7CE3 /* Base */,
			);
			name = LaunchScreen.storyboard;
			sourceTree = "<group>";
		};
/* End PBXVariantGroup section */

/* Begin XCBuildConfiguration section */
		E1271FD11D9A0E1D001D7CE3 /* Debug */ = {
			isa = XCBuildConfiguration;
			buildSettings = {
				ALWAYS_SEARCH_USER_PATHS = NO;
				CLANG_ANALYZER_NONNULL = YES;
				CLANG_CXX_LANGUAGE_STANDARD = "gnu++0x";
				CLANG_CXX_LIBRARY = "libc++";
				CLANG_ENABLE_MODULES = YES;
				CLANG_ENABLE_OBJC_ARC = YES;
				CLANG_WARN_BOOL_CONVERSION = YES;
				CLANG_WARN_CONSTANT_CONVERSION = YES;
				CLANG_WARN_DIRECT_OBJC_ISA_USAGE = YES_ERROR;
				CLANG_WARN_DOCUMENTATION_COMMENTS = YES;
				CLANG_WARN_EMPTY_BODY = YES;
				CLANG_WARN_ENUM_CONVERSION = YES;
				CLANG_WARN_INFINITE_RECURSION = YES;
				CLANG_WARN_INT_CONVERSION = YES;
				CLANG_WARN_OBJC_ROOT_CLASS = YES_ERROR;
				CLANG_WARN_SUSPICIOUS_MOVES = YES;
				CLANG_WARN_UNREACHABLE_CODE = YES;
				CLANG_WARN__DUPLICATE_METHOD_MATCH = YES;
				"CODE_SIGN_IDENTITY[sdk=iphoneos*]" = "iPhone Developer";
				COPY_PHASE_STRIP = NO;
				DEBUG_INFORMATION_FORMAT = dwarf;
				ENABLE_STRICT_OBJC_MSGSEND = YES;
				ENABLE_TESTABILITY = YES;
				GCC_C_LANGUAGE_STANDARD = gnu99;
				GCC_DYNAMIC_NO_PIC = NO;
				GCC_NO_COMMON_BLOCKS = YES;
				GCC_OPTIMIZATION_LEVEL = 0;
				GCC_PREPROCESSOR_DEFINITIONS = (
					"DEBUG=1",
					"$(inherited)",
				);
				GCC_WARN_64_TO_32_BIT_CONVERSION = YES;
				GCC_WARN_ABOUT_RETURN_TYPE = YES_ERROR;
				GCC_WARN_UNDECLARED_SELECTOR = YES;
				GCC_WARN_UNINITIALIZED_AUTOS = YES_AGGRESSIVE;
				GCC_WARN_UNUSED_FUNCTION = YES;
				GCC_WARN_UNUSED_VARIABLE = YES;
				IPHONEOS_DEPLOYMENT_TARGET = 10.0;
				MTL_ENABLE_DEBUG_INFO = YES;
				ONLY_ACTIVE_ARCH = YES;
				SDKROOT = iphoneos;
				SWIFT_ACTIVE_COMPILATION_CONDITIONS = DEBUG;
				SWIFT_OPTIMIZATION_LEVEL = "-Onone";
				TARGETED_DEVICE_FAMILY = "1,2";
			};
			name = Debug;
		};
		E1271FD21D9A0E1D001D7CE3 /* Release */ = {
			isa = XCBuildConfiguration;
			buildSettings = {
				ALWAYS_SEARCH_USER_PATHS = NO;
				CLANG_ANALYZER_NONNULL = YES;
				CLANG_CXX_LANGUAGE_STANDARD = "gnu++0x";
				CLANG_CXX_LIBRARY = "libc++";
				CLANG_ENABLE_MODULES = YES;
				CLANG_ENABLE_OBJC_ARC = YES;
				CLANG_WARN_BOOL_CONVERSION = YES;
				CLANG_WARN_CONSTANT_CONVERSION = YES;
				CLANG_WARN_DIRECT_OBJC_ISA_USAGE = YES_ERROR;
				CLANG_WARN_DOCUMENTATION_COMMENTS = YES;
				CLANG_WARN_EMPTY_BODY = YES;
				CLANG_WARN_ENUM_CONVERSION = YES;
				CLANG_WARN_INFINITE_RECURSION = YES;
				CLANG_WARN_INT_CONVERSION = YES;
				CLANG_WARN_OBJC_ROOT_CLASS = YES_ERROR;
				CLANG_WARN_SUSPICIOUS_MOVES = YES;
				CLANG_WARN_UNREACHABLE_CODE = YES;
				CLANG_WARN__DUPLICATE_METHOD_MATCH = YES;
				"CODE_SIGN_IDENTITY[sdk=iphoneos*]" = "iPhone Developer";
				COPY_PHASE_STRIP = NO;
				DEBUG_INFORMATION_FORMAT = "dwarf-with-dsym";
				ENABLE_NS_ASSERTIONS = NO;
				ENABLE_STRICT_OBJC_MSGSEND = YES;
				GCC_C_LANGUAGE_STANDARD = gnu99;
				GCC_NO_COMMON_BLOCKS = YES;
				GCC_WARN_64_TO_32_BIT_CONVERSION = YES;
				GCC_WARN_ABOUT_RETURN_TYPE = YES_ERROR;
				GCC_WARN_UNDECLARED_SELECTOR = YES;
				GCC_WARN_UNINITIALIZED_AUTOS = YES_AGGRESSIVE;
				GCC_WARN_UNUSED_FUNCTION = YES;
				GCC_WARN_UNUSED_VARIABLE = YES;
				IPHONEOS_DEPLOYMENT_TARGET = 10.0;
				MTL_ENABLE_DEBUG_INFO = NO;
				SDKROOT = iphoneos;
				SWIFT_OPTIMIZATION_LEVEL = "-Owholemodule";
				TARGETED_DEVICE_FAMILY = "1,2";
				VALIDATE_PRODUCT = YES;
			};
			name = Release;
		};
		E1271FD41D9A0E1D001D7CE3 /* Debug */ = {
			isa = XCBuildConfiguration;
			buildSettings = {
				ASSETCATALOG_COMPILER_APPICON_NAME = AppIcon;
				CODE_SIGN_IDENTITY = "iPhone Developer";
				DEVELOPMENT_TEAM = FMFD6DE2HE;
				INFOPLIST_FILE = SelectCar/Info.plist;
				LD_RUNPATH_SEARCH_PATHS = "$(inherited) @executable_path/Frameworks";
				PRODUCT_BUNDLE_IDENTIFIER = self.edu.SelectCar;
				PRODUCT_NAME = "$(TARGET_NAME)";
				SWIFT_VERSION = 3.0;
				TARGETED_DEVICE_FAMILY = 1;
			};
			name = Debug;
		};
		E1271FD51D9A0E1D001D7CE3 /* Release */ = {
			isa = XCBuildConfiguration;
			buildSettings = {
				ASSETCATALOG_COMPILER_APPICON_NAME = AppIcon;
				CODE_SIGN_IDENTITY = "iPhone Developer";
				DEVELOPMENT_TEAM = FMFD6DE2HE;
				INFOPLIST_FILE = SelectCar/Info.plist;
				LD_RUNPATH_SEARCH_PATHS = "$(inherited) @executable_path/Frameworks";
				PRODUCT_BUNDLE_IDENTIFIER = self.edu.SelectCar;
				PRODUCT_NAME = "$(TARGET_NAME)";
				SWIFT_VERSION = 3.0;
				TARGETED_DEVICE_FAMILY = 1;
			};
			name = Release;
		};
/* End XCBuildConfiguration section */

/* Begin XCConfigurationList section */
		E1271FBC1D9A0E1D001D7CE3 /* Build configuration list for PBXProject "SelectCar" */ = {
			isa = XCConfigurationList;
			buildConfigurations = (
				E1271FD11D9A0E1D001D7CE3 /* Debug */,
				E1271FD21D9A0E1D001D7CE3 /* Release */,
			);
			defaultConfigurationIsVisible = 0;
			defaultConfigurationName = Release;
		};
		E1271FD31D9A0E1D001D7CE3 /* Build configuration list for PBXNativeTarget "SelectCar" */ = {
			isa = XCConfigurationList;
			buildConfigurations = (
				E1271FD41D9A0E1D001D7CE3 /* Debug */,
				E1271FD51D9A0E1D001D7CE3 /* Release */,
			);
			defaultConfigurationIsVisible = 0;
			defaultConfigurationName = Release;
		};
/* End XCConfigurationList section */
	};
	rootObject = E1271FB91D9A0E1D001D7CE3 /* Project object */;
}
